
Microsoft Visual Studio Solution File, Format Version 12.00
# Visual Studio Version 17
VisualStudioVersion = 17.2.32616.157
MinimumVisualStudioVersion = 10.0.40219.1
Project("{FAE04EC0-301F-11D3-BF4B-00C04F79EFBC}") = "Challenges", "Challenges\Challenges.csproj", "{DEA131A5-C626-4DC5-B380-53459C4F5D90}"
EndProject
Global
	GlobalSection(SolutionConfigurationPlatforms) = preSolution
		Debug|Any CPU = Debug|Any CPU
		Release|Any CPU = Release|Any CPU
	EndGlobalSection
	GlobalSection(ProjectConfigurationPlatforms) = postSolution
		{DEA131A5-C626-4DC5-B380-53459C4F5D90}.Debug|Any CPU.ActiveCfg = Debug|Any CPU
		{DEA131A5-C626-4DC5-B380-53459C4F5D90}.Debug|Any CPU.Build.0 = Debug|Any CPU
		{DEA131A5-C626-4DC5-B380-53459C4F5D90}.Release|Any CPU.ActiveCfg = Release|Any CPU
		{DEA131A5-C626-4DC5-B380-53459C4F5D90}.Release|Any CPU.Build.0 = Release|Any CPU
	EndGlobalSection
	GlobalSection(SolutionProperties) = preSolution
		HideSolutionNode = FALSE
	EndGlobalSection
	GlobalSection(ExtensibilityGlobals) = postSolution
		SolutionGuid = {BFC66A4B-9E10-4A31-ADCB-49F5131051A3}
	EndGlobalSection
EndGlobal
